
Microsoft Visual Studio Solution File, Format Version 11.00
# Visual C++ Express 2010
Project("{8BC9CEB8-8B4A-11D0-8D11-00A0C91BC942}") = "6.5 DaysOfWeek_switch_case", "6.5 DaysOfWeek_switch_case\6.5 DaysOfWeek_switch_case.vcxproj", "{B868336E-0299-4FC8-8E65-14077422AF67}"
EndProject
Global
	GlobalSection(SolutionConfigurationPlatforms) = preSolution
		Debug|Win32 = Debug|Win32
		Release|Win32 = Release|Win32
	EndGlobalSection
	GlobalSection(ProjectConfigurationPlatforms) = postSolution
		{B868336E-0299-4FC8-8E65-14077422AF67}.Debug|Win32.ActiveCfg = Debug|Win32
		{B868336E-0299-4FC8-8E65-14077422AF67}.Debug|Win32.Build.0 = Debug|Win32
		{B868336E-0299-4FC8-8E65-14077422AF67}.Release|Win32.ActiveCfg = Release|Win32
		{B868336E-0299-4FC8-8E65-14077422AF67}.Release|Win32.Build.0 = Release|Win32
	EndGlobalSection
	GlobalSection(SolutionProperties) = preSolution
		HideSolutionNode = FALSE
	EndGlobalSection
EndGlobal
