
Microsoft Visual Studio Solution File, Format Version 12.00
# Visual Studio 2013
VisualStudioVersion = 12.0.40629.0
MinimumVisualStudioVersion = 10.0.40219.1
Project("{8BC9CEB8-8B4A-11D0-8D11-00A0C91BC942}") = "[模版]类函数模版遇上有元函数", "[模版]类函数模版遇上有元函数\[模版]类函数模版遇上有元函数.vcxproj", "{F881D334-0988-44C3-84DA-164EF274A3B1}"
EndProject
Global
	GlobalSection(SolutionConfigurationPlatforms) = preSolution
		Debug|Win32 = Debug|Win32
		Release|Win32 = Release|Win32
	EndGlobalSection
	GlobalSection(ProjectConfigurationPlatforms) = postSolution
		{F881D334-0988-44C3-84DA-164EF274A3B1}.Debug|Win32.ActiveCfg = Debug|Win32
		{F881D334-0988-44C3-84DA-164EF274A3B1}.Debug|Win32.Build.0 = Debug|Win32
		{F881D334-0988-44C3-84DA-164EF274A3B1}.Release|Win32.ActiveCfg = Release|Win32
		{F881D334-0988-44C3-84DA-164EF274A3B1}.Release|Win32.Build.0 = Release|Win32
	EndGlobalSection
	GlobalSection(SolutionProperties) = preSolution
		HideSolutionNode = FALSE
	EndGlobalSection
EndGlobal
