
Microsoft Visual Studio Solution File, Format Version 11.00
# Visual C++ Express 2010
Project("{8BC9CEB8-8B4A-11D0-8D11-00A0C91BC942}") = "8.2 Pointers_AssigningRefToPtr", "8.2 Pointers_AssigningRefToPtr\8.2 Pointers_AssigningRefToPtr.vcxproj", "{7DB6F091-A0D8-4E77-A416-09087F695E24}"
EndProject
Global
	GlobalSection(SolutionConfigurationPlatforms) = preSolution
		Debug|Win32 = Debug|Win32
		Release|Win32 = Release|Win32
	EndGlobalSection
	GlobalSection(ProjectConfigurationPlatforms) = postSolution
		{7DB6F091-A0D8-4E77-A416-09087F695E24}.Debug|Win32.ActiveCfg = Debug|Win32
		{7DB6F091-A0D8-4E77-A416-09087F695E24}.Debug|Win32.Build.0 = Debug|Win32
		{7DB6F091-A0D8-4E77-A416-09087F695E24}.Release|Win32.ActiveCfg = Release|Win32
		{7DB6F091-A0D8-4E77-A416-09087F695E24}.Release|Win32.Build.0 = Release|Win32
	EndGlobalSection
	GlobalSection(SolutionProperties) = preSolution
		HideSolutionNode = FALSE
	EndGlobalSection
EndGlobal
