
Microsoft Visual Studio Solution File, Format Version 11.00
# Visual C++ Express 2010
Project("{8BC9CEB8-8B4A-11D0-8D11-00A0C91BC942}") = "9.11 MonsterDB_ForceConstructionOnHeap", "9.11 MonsterDB_ForceConstructionOnHeap\9.11 MonsterDB_ForceConstructionOnHeap.vcxproj", "{5BB64003-1EDE-4297-8907-EAC741BB7662}"
EndProject
Global
	GlobalSection(SolutionConfigurationPlatforms) = preSolution
		Debug|Win32 = Debug|Win32
		Release|Win32 = Release|Win32
	EndGlobalSection
	GlobalSection(ProjectConfigurationPlatforms) = postSolution
		{5BB64003-1EDE-4297-8907-EAC741BB7662}.Debug|Win32.ActiveCfg = Debug|Win32
		{5BB64003-1EDE-4297-8907-EAC741BB7662}.Debug|Win32.Build.0 = Debug|Win32
		{5BB64003-1EDE-4297-8907-EAC741BB7662}.Release|Win32.ActiveCfg = Release|Win32
		{5BB64003-1EDE-4297-8907-EAC741BB7662}.Release|Win32.Build.0 = Release|Win32
	EndGlobalSection
	GlobalSection(SolutionProperties) = preSolution
		HideSolutionNode = FALSE
	EndGlobalSection
EndGlobal
