
Microsoft Visual Studio Solution File, Format Version 11.00
# Visual C++ Express 2010
Project("{8BC9CEB8-8B4A-11D0-8D11-00A0C91BC942}") = "8.3 Pointers_OnePtrManyIntegers", "8.3 Pointers_OnePtrManyIntegers\8.3 Pointers_OnePtrManyIntegers.vcxproj", "{DC1FBAFB-C5CD-42AF-89C6-8074BB128B0B}"
EndProject
Global
	GlobalSection(SolutionConfigurationPlatforms) = preSolution
		Debug|Win32 = Debug|Win32
		Release|Win32 = Release|Win32
	EndGlobalSection
	GlobalSection(ProjectConfigurationPlatforms) = postSolution
		{DC1FBAFB-C5CD-42AF-89C6-8074BB128B0B}.Debug|Win32.ActiveCfg = Debug|Win32
		{DC1FBAFB-C5CD-42AF-89C6-8074BB128B0B}.Debug|Win32.Build.0 = Debug|Win32
		{DC1FBAFB-C5CD-42AF-89C6-8074BB128B0B}.Release|Win32.ActiveCfg = Release|Win32
		{DC1FBAFB-C5CD-42AF-89C6-8074BB128B0B}.Release|Win32.Build.0 = Release|Win32
	EndGlobalSection
	GlobalSection(SolutionProperties) = preSolution
		HideSolutionNode = FALSE
	EndGlobalSection
EndGlobal
