
Microsoft Visual Studio Solution File, Format Version 11.00
# Visual C++ Express 2010
Project("{8BC9CEB8-8B4A-11D0-8D11-00A0C91BC942}") = "8.12 Pointers_Arrays_Similarities", "8.12 Pointers_Arrays_Similarities\8.12 Pointers_Arrays_Similarities.vcxproj", "{6189F593-7D94-4E30-9CC6-9956C3EF7742}"
EndProject
Global
	GlobalSection(SolutionConfigurationPlatforms) = preSolution
		Debug|Win32 = Debug|Win32
		Release|Win32 = Release|Win32
	EndGlobalSection
	GlobalSection(ProjectConfigurationPlatforms) = postSolution
		{6189F593-7D94-4E30-9CC6-9956C3EF7742}.Debug|Win32.ActiveCfg = Debug|Win32
		{6189F593-7D94-4E30-9CC6-9956C3EF7742}.Debug|Win32.Build.0 = Debug|Win32
		{6189F593-7D94-4E30-9CC6-9956C3EF7742}.Release|Win32.ActiveCfg = Release|Win32
		{6189F593-7D94-4E30-9CC6-9956C3EF7742}.Release|Win32.Build.0 = Release|Win32
	EndGlobalSection
	GlobalSection(SolutionProperties) = preSolution
		HideSolutionNode = FALSE
	EndGlobalSection
EndGlobal
