
Microsoft Visual Studio Solution File, Format Version 11.00
# Visual C++ Express 2010
Project("{8BC9CEB8-8B4A-11D0-8D11-00A0C91BC942}") = "26.4 UsingUniquePtr", "26.4 UsingUniquePtr\26.4 UsingUniquePtr.vcxproj", "{3DDBE48B-FE22-4BF0-AC4F-53C5F04630DE}"
EndProject
Global
	GlobalSection(SolutionConfigurationPlatforms) = preSolution
		Debug|Win32 = Debug|Win32
		Release|Win32 = Release|Win32
	EndGlobalSection
	GlobalSection(ProjectConfigurationPlatforms) = postSolution
		{3DDBE48B-FE22-4BF0-AC4F-53C5F04630DE}.Debug|Win32.ActiveCfg = Debug|Win32
		{3DDBE48B-FE22-4BF0-AC4F-53C5F04630DE}.Debug|Win32.Build.0 = Debug|Win32
		{3DDBE48B-FE22-4BF0-AC4F-53C5F04630DE}.Release|Win32.ActiveCfg = Release|Win32
		{3DDBE48B-FE22-4BF0-AC4F-53C5F04630DE}.Release|Win32.Build.0 = Release|Win32
	EndGlobalSection
	GlobalSection(SolutionProperties) = preSolution
		HideSolutionNode = FALSE
	EndGlobalSection
EndGlobal
