
Microsoft Visual Studio Solution File, Format Version 12.00
# Visual Studio 2013
VisualStudioVersion = 12.0.40629.0
MinimumVisualStudioVersion = 10.0.40219.1
Project("{8BC9CEB8-8B4A-11D0-8D11-00A0C91BC942}") = "继承的类的作用域是否是类外", "继承的类的作用域是否是类外\继承的类的作用域是否是类外.vcxproj", "{C97471A0-A191-463C-815A-986CB2A848C9}"
EndProject
Global
	GlobalSection(SolutionConfigurationPlatforms) = preSolution
		Debug|Win32 = Debug|Win32
		Release|Win32 = Release|Win32
	EndGlobalSection
	GlobalSection(ProjectConfigurationPlatforms) = postSolution
		{C97471A0-A191-463C-815A-986CB2A848C9}.Debug|Win32.ActiveCfg = Debug|Win32
		{C97471A0-A191-463C-815A-986CB2A848C9}.Debug|Win32.Build.0 = Debug|Win32
		{C97471A0-A191-463C-815A-986CB2A848C9}.Release|Win32.ActiveCfg = Release|Win32
		{C97471A0-A191-463C-815A-986CB2A848C9}.Release|Win32.Build.0 = Release|Win32
	EndGlobalSection
	GlobalSection(SolutionProperties) = preSolution
		HideSolutionNode = FALSE
	EndGlobalSection
EndGlobal
