
Microsoft Visual Studio Solution File, Format Version 11.00
# Visual C++ Express 2010
Project("{8BC9CEB8-8B4A-11D0-8D11-00A0C91BC942}") = "21.6 BinaryPredicate", "21.6 BinaryPredicate\21.6 BinaryPredicate.vcxproj", "{76DAD256-5EE4-4626-AA1F-865BE82F1F37}"
EndProject
Global
	GlobalSection(SolutionConfigurationPlatforms) = preSolution
		Debug|Win32 = Debug|Win32
		Release|Win32 = Release|Win32
	EndGlobalSection
	GlobalSection(ProjectConfigurationPlatforms) = postSolution
		{76DAD256-5EE4-4626-AA1F-865BE82F1F37}.Debug|Win32.ActiveCfg = Debug|Win32
		{76DAD256-5EE4-4626-AA1F-865BE82F1F37}.Debug|Win32.Build.0 = Debug|Win32
		{76DAD256-5EE4-4626-AA1F-865BE82F1F37}.Release|Win32.ActiveCfg = Release|Win32
		{76DAD256-5EE4-4626-AA1F-865BE82F1F37}.Release|Win32.Build.0 = Release|Win32
	EndGlobalSection
	GlobalSection(SolutionProperties) = preSolution
		HideSolutionNode = FALSE
	EndGlobalSection
EndGlobal
