
Microsoft Visual Studio Solution File, Format Version 11.00
# Visual C++ Express 2010
Project("{8BC9CEB8-8B4A-11D0-8D11-00A0C91BC942}") = "10.9 Protected_SuperCar", "10.9 Protected_SuperCar\10.9 Protected_SuperCar.vcxproj", "{652E2ED1-7662-4C44-92A1-A13C07A7F360}"
EndProject
Global
	GlobalSection(SolutionConfigurationPlatforms) = preSolution
		Debug|Win32 = Debug|Win32
		Release|Win32 = Release|Win32
	EndGlobalSection
	GlobalSection(ProjectConfigurationPlatforms) = postSolution
		{652E2ED1-7662-4C44-92A1-A13C07A7F360}.Debug|Win32.ActiveCfg = Debug|Win32
		{652E2ED1-7662-4C44-92A1-A13C07A7F360}.Debug|Win32.Build.0 = Debug|Win32
		{652E2ED1-7662-4C44-92A1-A13C07A7F360}.Release|Win32.ActiveCfg = Release|Win32
		{652E2ED1-7662-4C44-92A1-A13C07A7F360}.Release|Win32.Build.0 = Release|Win32
	EndGlobalSection
	GlobalSection(SolutionProperties) = preSolution
		HideSolutionNode = FALSE
	EndGlobalSection
EndGlobal
