
Microsoft Visual Studio Solution File, Format Version 11.00
# Visual C++ Express 2010
Project("{8BC9CEB8-8B4A-11D0-8D11-00A0C91BC942}") = "2.3 UsingRestricted", "2.3 UsingRestricted\2.3 UsingRestricted.vcxproj", "{DD1B349B-91B4-40F5-AE5C-87732798F61D}"
EndProject
Global
	GlobalSection(SolutionConfigurationPlatforms) = preSolution
		Debug|Win32 = Debug|Win32
		Release|Win32 = Release|Win32
	EndGlobalSection
	GlobalSection(ProjectConfigurationPlatforms) = postSolution
		{DD1B349B-91B4-40F5-AE5C-87732798F61D}.Debug|Win32.ActiveCfg = Debug|Win32
		{DD1B349B-91B4-40F5-AE5C-87732798F61D}.Debug|Win32.Build.0 = Debug|Win32
		{DD1B349B-91B4-40F5-AE5C-87732798F61D}.Release|Win32.ActiveCfg = Release|Win32
		{DD1B349B-91B4-40F5-AE5C-87732798F61D}.Release|Win32.Build.0 = Release|Win32
	EndGlobalSection
	GlobalSection(SolutionProperties) = preSolution
		HideSolutionNode = FALSE
	EndGlobalSection
EndGlobal
