
Microsoft Visual Studio Solution File, Format Version 11.00
# Visual C++ Express 2010
Project("{8BC9CEB8-8B4A-11D0-8D11-00A0C91BC942}") = "8.9 Pointer_using_new_delete_multiple_elements", "8.9 Pointer_using_new_delete_multiple_elements\8.9 Pointer_using_new_delete_multiple_elements.vcxproj", "{66278AC0-C010-48F3-B5D2-6EA0237C0F22}"
EndProject
Global
	GlobalSection(SolutionConfigurationPlatforms) = preSolution
		Debug|Win32 = Debug|Win32
		Release|Win32 = Release|Win32
	EndGlobalSection
	GlobalSection(ProjectConfigurationPlatforms) = postSolution
		{66278AC0-C010-48F3-B5D2-6EA0237C0F22}.Debug|Win32.ActiveCfg = Debug|Win32
		{66278AC0-C010-48F3-B5D2-6EA0237C0F22}.Debug|Win32.Build.0 = Debug|Win32
		{66278AC0-C010-48F3-B5D2-6EA0237C0F22}.Release|Win32.ActiveCfg = Release|Win32
		{66278AC0-C010-48F3-B5D2-6EA0237C0F22}.Release|Win32.Build.0 = Release|Win32
	EndGlobalSection
	GlobalSection(SolutionProperties) = preSolution
		HideSolutionNode = FALSE
	EndGlobalSection
EndGlobal
