
Microsoft Visual Studio Solution File, Format Version 11.00
# Visual C++ Express 2010
Project("{8BC9CEB8-8B4A-11D0-8D11-00A0C91BC942}") = "8.13 Pointers_InvalidPtr", "8.13 Pointers_InvalidPtr\8.13 Pointers_InvalidPtr.vcxproj", "{E548849C-393E-41B4-A96F-60CE6DD20791}"
EndProject
Global
	GlobalSection(SolutionConfigurationPlatforms) = preSolution
		Debug|Win32 = Debug|Win32
		Release|Win32 = Release|Win32
	EndGlobalSection
	GlobalSection(ProjectConfigurationPlatforms) = postSolution
		{E548849C-393E-41B4-A96F-60CE6DD20791}.Debug|Win32.ActiveCfg = Debug|Win32
		{E548849C-393E-41B4-A96F-60CE6DD20791}.Debug|Win32.Build.0 = Debug|Win32
		{E548849C-393E-41B4-A96F-60CE6DD20791}.Release|Win32.ActiveCfg = Release|Win32
		{E548849C-393E-41B4-A96F-60CE6DD20791}.Release|Win32.Build.0 = Release|Win32
	EndGlobalSection
	GlobalSection(SolutionProperties) = preSolution
		HideSolutionNode = FALSE
	EndGlobalSection
EndGlobal
