
Microsoft Visual Studio Solution File, Format Version 11.00
# Visual C++ Express 2010
Project("{8BC9CEB8-8B4A-11D0-8D11-00A0C91BC942}") = "4.2 WritingToArrayElements", "4.2 WritingToArrayElements\4.2 WritingToArrayElements.vcxproj", "{0E54ECBC-15BD-429A-90D1-A38CF4F21DC6}"
EndProject
Global
	GlobalSection(SolutionConfigurationPlatforms) = preSolution
		Debug|Win32 = Debug|Win32
		Release|Win32 = Release|Win32
	EndGlobalSection
	GlobalSection(ProjectConfigurationPlatforms) = postSolution
		{0E54ECBC-15BD-429A-90D1-A38CF4F21DC6}.Debug|Win32.ActiveCfg = Debug|Win32
		{0E54ECBC-15BD-429A-90D1-A38CF4F21DC6}.Debug|Win32.Build.0 = Debug|Win32
		{0E54ECBC-15BD-429A-90D1-A38CF4F21DC6}.Release|Win32.ActiveCfg = Release|Win32
		{0E54ECBC-15BD-429A-90D1-A38CF4F21DC6}.Release|Win32.Build.0 = Release|Win32
	EndGlobalSection
	GlobalSection(SolutionProperties) = preSolution
		HideSolutionNode = FALSE
	EndGlobalSection
EndGlobal
