
Microsoft Visual Studio Solution File, Format Version 12.00
# Visual Studio 2013
VisualStudioVersion = 12.0.40629.0
MinimumVisualStudioVersion = 10.0.40219.1
Project("{8BC9CEB8-8B4A-11D0-8D11-00A0C91BC942}") = "[算法][复习]归并算法", "[算法][复习]归并算法\[算法][复习]归并算法.vcxproj", "{D83A5800-195A-40C7-9824-D48F2AD091B4}"
EndProject
Global
	GlobalSection(SolutionConfigurationPlatforms) = preSolution
		Debug|Win32 = Debug|Win32
		Release|Win32 = Release|Win32
	EndGlobalSection
	GlobalSection(ProjectConfigurationPlatforms) = postSolution
		{D83A5800-195A-40C7-9824-D48F2AD091B4}.Debug|Win32.ActiveCfg = Debug|Win32
		{D83A5800-195A-40C7-9824-D48F2AD091B4}.Debug|Win32.Build.0 = Debug|Win32
		{D83A5800-195A-40C7-9824-D48F2AD091B4}.Release|Win32.ActiveCfg = Release|Win32
		{D83A5800-195A-40C7-9824-D48F2AD091B4}.Release|Win32.Build.0 = Release|Win32
	EndGlobalSection
	GlobalSection(SolutionProperties) = preSolution
		HideSolutionNode = FALSE
	EndGlobalSection
EndGlobal
