
Microsoft Visual Studio Solution File, Format Version 11.00
# Visual C++ Express 2010
Project("{8BC9CEB8-8B4A-11D0-8D11-00A0C91BC942}") = "27.1 CoutFormattingNumbers", "27.1 CoutFormattingNumbers\27.1 CoutFormattingNumbers.vcxproj", "{5DE2F65A-D659-473F-B12C-6098686C2D5C}"
EndProject
Global
	GlobalSection(SolutionConfigurationPlatforms) = preSolution
		Debug|Win32 = Debug|Win32
		Release|Win32 = Release|Win32
	EndGlobalSection
	GlobalSection(ProjectConfigurationPlatforms) = postSolution
		{5DE2F65A-D659-473F-B12C-6098686C2D5C}.Debug|Win32.ActiveCfg = Debug|Win32
		{5DE2F65A-D659-473F-B12C-6098686C2D5C}.Debug|Win32.Build.0 = Debug|Win32
		{5DE2F65A-D659-473F-B12C-6098686C2D5C}.Release|Win32.ActiveCfg = Release|Win32
		{5DE2F65A-D659-473F-B12C-6098686C2D5C}.Release|Win32.Build.0 = Release|Win32
	EndGlobalSection
	GlobalSection(SolutionProperties) = preSolution
		HideSolutionNode = FALSE
	EndGlobalSection
EndGlobal
