
Microsoft Visual Studio Solution File, Format Version 12.00
# Visual Studio 2013
VisualStudioVersion = 12.0.40629.0
MinimumVisualStudioVersion = 10.0.40219.1
Project("{8BC9CEB8-8B4A-11D0-8D11-00A0C91BC942}") = "[设计模式]开闭原则", "[设计模式]开闭原则\[设计模式]开闭原则.vcxproj", "{EB45718B-CD1A-4231-9906-1D5D50745B9B}"
EndProject
Global
	GlobalSection(SolutionConfigurationPlatforms) = preSolution
		Debug|Win32 = Debug|Win32
		Release|Win32 = Release|Win32
	EndGlobalSection
	GlobalSection(ProjectConfigurationPlatforms) = postSolution
		{EB45718B-CD1A-4231-9906-1D5D50745B9B}.Debug|Win32.ActiveCfg = Debug|Win32
		{EB45718B-CD1A-4231-9906-1D5D50745B9B}.Debug|Win32.Build.0 = Debug|Win32
		{EB45718B-CD1A-4231-9906-1D5D50745B9B}.Release|Win32.ActiveCfg = Release|Win32
		{EB45718B-CD1A-4231-9906-1D5D50745B9B}.Release|Win32.Build.0 = Release|Win32
	EndGlobalSection
	GlobalSection(SolutionProperties) = preSolution
		HideSolutionNode = FALSE
	EndGlobalSection
EndGlobal
