
Microsoft Visual Studio Solution File, Format Version 11.00
# Visual C++ Express 2010
Project("{8BC9CEB8-8B4A-11D0-8D11-00A0C91BC942}") = "11.8 VirtualInheritance_Platypus", "11.8 VirtualInheritance_Platypus\11.8 VirtualInheritance_Platypus.vcxproj", "{243793E7-EBA5-463C-A236-755323B0BE68}"
EndProject
Global
	GlobalSection(SolutionConfigurationPlatforms) = preSolution
		Debug|Win32 = Debug|Win32
		Release|Win32 = Release|Win32
	EndGlobalSection
	GlobalSection(ProjectConfigurationPlatforms) = postSolution
		{243793E7-EBA5-463C-A236-755323B0BE68}.Debug|Win32.ActiveCfg = Debug|Win32
		{243793E7-EBA5-463C-A236-755323B0BE68}.Debug|Win32.Build.0 = Debug|Win32
		{243793E7-EBA5-463C-A236-755323B0BE68}.Release|Win32.ActiveCfg = Release|Win32
		{243793E7-EBA5-463C-A236-755323B0BE68}.Release|Win32.Build.0 = Release|Win32
	EndGlobalSection
	GlobalSection(SolutionProperties) = preSolution
		HideSolutionNode = FALSE
	EndGlobalSection
EndGlobal
