
Microsoft Visual Studio Solution File, Format Version 11.00
# Visual C++ Express 2010
Project("{8BC9CEB8-8B4A-11D0-8D11-00A0C91BC942}") = "9.7 MyString_Destructor", "9.7 MyString_Destructor\9.7 MyString_Destructor.vcxproj", "{78DCDA9B-1B7A-4C71-9030-EE83BF54741C}"
EndProject
Global
	GlobalSection(SolutionConfigurationPlatforms) = preSolution
		Debug|Win32 = Debug|Win32
		Release|Win32 = Release|Win32
	EndGlobalSection
	GlobalSection(ProjectConfigurationPlatforms) = postSolution
		{78DCDA9B-1B7A-4C71-9030-EE83BF54741C}.Debug|Win32.ActiveCfg = Debug|Win32
		{78DCDA9B-1B7A-4C71-9030-EE83BF54741C}.Debug|Win32.Build.0 = Debug|Win32
		{78DCDA9B-1B7A-4C71-9030-EE83BF54741C}.Release|Win32.ActiveCfg = Release|Win32
		{78DCDA9B-1B7A-4C71-9030-EE83BF54741C}.Release|Win32.Build.0 = Release|Win32
	EndGlobalSection
	GlobalSection(SolutionProperties) = preSolution
		HideSolutionNode = FALSE
	EndGlobalSection
EndGlobal
