
Microsoft Visual Studio Solution File, Format Version 11.00
# Visual C++ Express 2010
Project("{8BC9CEB8-8B4A-11D0-8D11-00A0C91BC942}") = "22.1 LambdaDisplayElements", "22.1 LambdaDisplayElements\22.1 LambdaDisplayElements.vcxproj", "{A9951D18-FD30-4234-9F5D-5F25CC62A6ED}"
EndProject
Global
	GlobalSection(SolutionConfigurationPlatforms) = preSolution
		Debug|Win32 = Debug|Win32
		Release|Win32 = Release|Win32
	EndGlobalSection
	GlobalSection(ProjectConfigurationPlatforms) = postSolution
		{A9951D18-FD30-4234-9F5D-5F25CC62A6ED}.Debug|Win32.ActiveCfg = Debug|Win32
		{A9951D18-FD30-4234-9F5D-5F25CC62A6ED}.Debug|Win32.Build.0 = Debug|Win32
		{A9951D18-FD30-4234-9F5D-5F25CC62A6ED}.Release|Win32.ActiveCfg = Release|Win32
		{A9951D18-FD30-4234-9F5D-5F25CC62A6ED}.Release|Win32.Build.0 = Release|Win32
	EndGlobalSection
	GlobalSection(SolutionProperties) = preSolution
		HideSolutionNode = FALSE
	EndGlobalSection
EndGlobal
