
Microsoft Visual Studio Solution File, Format Version 11.00
# Visual C++ Express 2010
Project("{8BC9CEB8-8B4A-11D0-8D11-00A0C91BC942}") = "5.10 Operators_CompoundOperators", "5.10 Operators_CompoundOperators\5.10 Operators_CompoundOperators.vcxproj", "{FC5D79BC-31A7-4C8E-A93A-9D400C3B8CA8}"
EndProject
Global
	GlobalSection(SolutionConfigurationPlatforms) = preSolution
		Debug|Win32 = Debug|Win32
		Release|Win32 = Release|Win32
	EndGlobalSection
	GlobalSection(ProjectConfigurationPlatforms) = postSolution
		{FC5D79BC-31A7-4C8E-A93A-9D400C3B8CA8}.Debug|Win32.ActiveCfg = Debug|Win32
		{FC5D79BC-31A7-4C8E-A93A-9D400C3B8CA8}.Debug|Win32.Build.0 = Debug|Win32
		{FC5D79BC-31A7-4C8E-A93A-9D400C3B8CA8}.Release|Win32.ActiveCfg = Release|Win32
		{FC5D79BC-31A7-4C8E-A93A-9D400C3B8CA8}.Release|Win32.Build.0 = Release|Win32
	EndGlobalSection
	GlobalSection(SolutionProperties) = preSolution
		HideSolutionNode = FALSE
	EndGlobalSection
EndGlobal
