
Microsoft Visual Studio Solution File, Format Version 11.00
# Visual C++ Express 2010
Project("{8BC9CEB8-8B4A-11D0-8D11-00A0C91BC942}") = "6.13 CrossMultiplyTwoArrays_NestedLoops", "6.13 CrossMultiplyTwoArrays_NestedLoops\6.13 CrossMultiplyTwoArrays_NestedLoops.vcxproj", "{F8C7F66A-A827-4DA1-B572-51B5E7BCC463}"
EndProject
Global
	GlobalSection(SolutionConfigurationPlatforms) = preSolution
		Debug|Win32 = Debug|Win32
		Release|Win32 = Release|Win32
	EndGlobalSection
	GlobalSection(ProjectConfigurationPlatforms) = postSolution
		{F8C7F66A-A827-4DA1-B572-51B5E7BCC463}.Debug|Win32.ActiveCfg = Debug|Win32
		{F8C7F66A-A827-4DA1-B572-51B5E7BCC463}.Debug|Win32.Build.0 = Debug|Win32
		{F8C7F66A-A827-4DA1-B572-51B5E7BCC463}.Release|Win32.ActiveCfg = Release|Win32
		{F8C7F66A-A827-4DA1-B572-51B5E7BCC463}.Release|Win32.Build.0 = Release|Win32
	EndGlobalSection
	GlobalSection(SolutionProperties) = preSolution
		HideSolutionNode = FALSE
	EndGlobalSection
EndGlobal
