
Microsoft Visual Studio Solution File, Format Version 11.00
# Visual C++ Express 2010
Project("{8BC9CEB8-8B4A-11D0-8D11-00A0C91BC942}") = "6.4 WhatDaysOfWeekMean_if_else", "6.4 WhatDaysOfWeekMean_if_else\6.4 WhatDaysOfWeekMean_if_else.vcxproj", "{D7324E12-191B-4E54-BCD8-5AB239BCB48A}"
EndProject
Global
	GlobalSection(SolutionConfigurationPlatforms) = preSolution
		Debug|Win32 = Debug|Win32
		Release|Win32 = Release|Win32
	EndGlobalSection
	GlobalSection(ProjectConfigurationPlatforms) = postSolution
		{D7324E12-191B-4E54-BCD8-5AB239BCB48A}.Debug|Win32.ActiveCfg = Debug|Win32
		{D7324E12-191B-4E54-BCD8-5AB239BCB48A}.Debug|Win32.Build.0 = Debug|Win32
		{D7324E12-191B-4E54-BCD8-5AB239BCB48A}.Release|Win32.ActiveCfg = Release|Win32
		{D7324E12-191B-4E54-BCD8-5AB239BCB48A}.Release|Win32.Build.0 = Release|Win32
	EndGlobalSection
	GlobalSection(SolutionProperties) = preSolution
		HideSolutionNode = FALSE
	EndGlobalSection
EndGlobal
