
Microsoft Visual Studio Solution File, Format Version 11.00
# Visual C++ Express 2010
Project("{8BC9CEB8-8B4A-11D0-8D11-00A0C91BC942}") = "10.1 SimplePisceanClassHeirarchy", "10.1 SimplePisceanClassHeirarchy\10.1 SimplePisceanClassHeirarchy.vcxproj", "{EB1E9F66-7E30-4A80-83B9-1A0C6DCA914F}"
EndProject
Global
	GlobalSection(SolutionConfigurationPlatforms) = preSolution
		Debug|Win32 = Debug|Win32
		Release|Win32 = Release|Win32
	EndGlobalSection
	GlobalSection(ProjectConfigurationPlatforms) = postSolution
		{EB1E9F66-7E30-4A80-83B9-1A0C6DCA914F}.Debug|Win32.ActiveCfg = Debug|Win32
		{EB1E9F66-7E30-4A80-83B9-1A0C6DCA914F}.Debug|Win32.Build.0 = Debug|Win32
		{EB1E9F66-7E30-4A80-83B9-1A0C6DCA914F}.Release|Win32.ActiveCfg = Release|Win32
		{EB1E9F66-7E30-4A80-83B9-1A0C6DCA914F}.Release|Win32.Build.0 = Release|Win32
	EndGlobalSection
	GlobalSection(SolutionProperties) = preSolution
		HideSolutionNode = FALSE
	EndGlobalSection
EndGlobal
