
Microsoft Visual Studio Solution File, Format Version 11.00
# Visual C++ Express 2010
Project("{8BC9CEB8-8B4A-11D0-8D11-00A0C91BC942}") = "25.4 UsingVectorBool", "25.4 UsingVectorBool\25.4 UsingVectorBool.vcxproj", "{E461CF9F-7A85-4962-9607-85BCF0699771}"
EndProject
Global
	GlobalSection(SolutionConfigurationPlatforms) = preSolution
		Debug|Win32 = Debug|Win32
		Release|Win32 = Release|Win32
	EndGlobalSection
	GlobalSection(ProjectConfigurationPlatforms) = postSolution
		{E461CF9F-7A85-4962-9607-85BCF0699771}.Debug|Win32.ActiveCfg = Debug|Win32
		{E461CF9F-7A85-4962-9607-85BCF0699771}.Debug|Win32.Build.0 = Debug|Win32
		{E461CF9F-7A85-4962-9607-85BCF0699771}.Release|Win32.ActiveCfg = Release|Win32
		{E461CF9F-7A85-4962-9607-85BCF0699771}.Release|Win32.Build.0 = Release|Win32
	EndGlobalSection
	GlobalSection(SolutionProperties) = preSolution
		HideSolutionNode = FALSE
	EndGlobalSection
EndGlobal
