
Microsoft Visual Studio Solution File, Format Version 12.00
# Visual Studio 2013
VisualStudioVersion = 12.0.40629.0
MinimumVisualStudioVersion = 10.0.40219.1
Project("{8BC9CEB8-8B4A-11D0-8D11-00A0C91BC942}") = "多态入门的顶一个场景", "多态入门的顶一个场景\多态入门的顶一个场景.vcxproj", "{4DAA9F47-EEE9-42CE-AB80-067A2E94B1AD}"
EndProject
Global
	GlobalSection(SolutionConfigurationPlatforms) = preSolution
		Debug|Win32 = Debug|Win32
		Release|Win32 = Release|Win32
	EndGlobalSection
	GlobalSection(ProjectConfigurationPlatforms) = postSolution
		{4DAA9F47-EEE9-42CE-AB80-067A2E94B1AD}.Debug|Win32.ActiveCfg = Debug|Win32
		{4DAA9F47-EEE9-42CE-AB80-067A2E94B1AD}.Debug|Win32.Build.0 = Debug|Win32
		{4DAA9F47-EEE9-42CE-AB80-067A2E94B1AD}.Release|Win32.ActiveCfg = Release|Win32
		{4DAA9F47-EEE9-42CE-AB80-067A2E94B1AD}.Release|Win32.Build.0 = Release|Win32
	EndGlobalSection
	GlobalSection(SolutionProperties) = preSolution
		HideSolutionNode = FALSE
	EndGlobalSection
EndGlobal
