
Microsoft Visual Studio Solution File, Format Version 11.00
# Visual C++ Express 2010
Project("{8BC9CEB8-8B4A-11D0-8D11-00A0C91BC942}") = "6.14 IteratingMDArrays_nested_loops", "6.14 IteratingMDArrays_nested_loops\6.14 IteratingMDArrays_nested_loops.vcxproj", "{7CDA0728-C953-4649-926D-1369567F0B00}"
EndProject
Global
	GlobalSection(SolutionConfigurationPlatforms) = preSolution
		Debug|Win32 = Debug|Win32
		Release|Win32 = Release|Win32
	EndGlobalSection
	GlobalSection(ProjectConfigurationPlatforms) = postSolution
		{7CDA0728-C953-4649-926D-1369567F0B00}.Debug|Win32.ActiveCfg = Debug|Win32
		{7CDA0728-C953-4649-926D-1369567F0B00}.Debug|Win32.Build.0 = Debug|Win32
		{7CDA0728-C953-4649-926D-1369567F0B00}.Release|Win32.ActiveCfg = Release|Win32
		{7CDA0728-C953-4649-926D-1369567F0B00}.Release|Win32.Build.0 = Release|Win32
	EndGlobalSection
	GlobalSection(SolutionProperties) = preSolution
		HideSolutionNode = FALSE
	EndGlobalSection
EndGlobal
