
Microsoft Visual Studio Solution File, Format Version 12.00
# Visual Studio 2013
VisualStudioVersion = 12.0.40629.0
MinimumVisualStudioVersion = 10.0.40219.1
Project("{8BC9CEB8-8B4A-11D0-8D11-00A0C91BC942}") = "[模板]类模板遇上友元函数的几种方式", "[模板]类模板遇上友元函数的几种方式\[模板]类模板遇上友元函数的几种方式.vcxproj", "{F5FE1C29-9F7C-41F9-ADEC-0D0DB4FCCB78}"
EndProject
Global
	GlobalSection(SolutionConfigurationPlatforms) = preSolution
		Debug|Win32 = Debug|Win32
		Release|Win32 = Release|Win32
	EndGlobalSection
	GlobalSection(ProjectConfigurationPlatforms) = postSolution
		{F5FE1C29-9F7C-41F9-ADEC-0D0DB4FCCB78}.Debug|Win32.ActiveCfg = Debug|Win32
		{F5FE1C29-9F7C-41F9-ADEC-0D0DB4FCCB78}.Debug|Win32.Build.0 = Debug|Win32
		{F5FE1C29-9F7C-41F9-ADEC-0D0DB4FCCB78}.Release|Win32.ActiveCfg = Release|Win32
		{F5FE1C29-9F7C-41F9-ADEC-0D0DB4FCCB78}.Release|Win32.Build.0 = Release|Win32
	EndGlobalSection
	GlobalSection(SolutionProperties) = preSolution
		HideSolutionNode = FALSE
	EndGlobalSection
EndGlobal
