
Microsoft Visual Studio Solution File, Format Version 11.00
# Visual C++ Express 2010
Project("{8BC9CEB8-8B4A-11D0-8D11-00A0C91BC942}") = "Quiz_5", "Quiz_5\Quiz_5.vcxproj", "{DD868C21-83CA-42E5-89AD-B19C76D6C038}"
EndProject
Global
	GlobalSection(SolutionConfigurationPlatforms) = preSolution
		Debug|Win32 = Debug|Win32
		Release|Win32 = Release|Win32
	EndGlobalSection
	GlobalSection(ProjectConfigurationPlatforms) = postSolution
		{DD868C21-83CA-42E5-89AD-B19C76D6C038}.Debug|Win32.ActiveCfg = Debug|Win32
		{DD868C21-83CA-42E5-89AD-B19C76D6C038}.Debug|Win32.Build.0 = Debug|Win32
		{DD868C21-83CA-42E5-89AD-B19C76D6C038}.Release|Win32.ActiveCfg = Release|Win32
		{DD868C21-83CA-42E5-89AD-B19C76D6C038}.Release|Win32.Build.0 = Release|Win32
	EndGlobalSection
	GlobalSection(SolutionProperties) = preSolution
		HideSolutionNode = FALSE
	EndGlobalSection
EndGlobal
