
Microsoft Visual Studio Solution File, Format Version 11.00
# Visual C++ Express 2010
Project("{8BC9CEB8-8B4A-11D0-8D11-00A0C91BC942}") = "9.14 FriendClass", "9.14 FriendClass\9.14 FriendClass.vcxproj", "{B61C962A-6DB0-4819-A338-1DFB8AE76622}"
EndProject
Global
	GlobalSection(SolutionConfigurationPlatforms) = preSolution
		Debug|Win32 = Debug|Win32
		Release|Win32 = Release|Win32
	EndGlobalSection
	GlobalSection(ProjectConfigurationPlatforms) = postSolution
		{B61C962A-6DB0-4819-A338-1DFB8AE76622}.Debug|Win32.ActiveCfg = Debug|Win32
		{B61C962A-6DB0-4819-A338-1DFB8AE76622}.Debug|Win32.Build.0 = Debug|Win32
		{B61C962A-6DB0-4819-A338-1DFB8AE76622}.Release|Win32.ActiveCfg = Release|Win32
		{B61C962A-6DB0-4819-A338-1DFB8AE76622}.Release|Win32.Build.0 = Release|Win32
	EndGlobalSection
	GlobalSection(SolutionProperties) = preSolution
		HideSolutionNode = FALSE
	EndGlobalSection
EndGlobal
